
Microsoft Visual Studio Solution File, Format Version 12.00
# Visual Studio Version 16
VisualStudioVersion = 16.0.33214.272
MinimumVisualStudioVersion = 10.0.40219.1
Project("{FAE04EC0-301F-11D3-BF4B-00C04F79EFBC}") = "POS_Nation", "POS_Nation\POS_Nation.csproj", "{5FE7D169-83DF-402B-ACFC-0A1A5A1E8DF4}"
EndProject
Global
	GlobalSection(SolutionConfigurationPlatforms) = preSolution
		Debug|Any CPU = Debug|Any CPU
		Release|Any CPU = Release|Any CPU
	EndGlobalSection
	GlobalSection(ProjectConfigurationPlatforms) = postSolution
		{5FE7D169-83DF-402B-ACFC-0A1A5A1E8DF4}.Debug|Any CPU.ActiveCfg = Debug|Any CPU
		{5FE7D169-83DF-402B-ACFC-0A1A5A1E8DF4}.Debug|Any CPU.Build.0 = Debug|Any CPU
		{5FE7D169-83DF-402B-ACFC-0A1A5A1E8DF4}.Release|Any CPU.ActiveCfg = Release|Any CPU
		{5FE7D169-83DF-402B-ACFC-0A1A5A1E8DF4}.Release|Any CPU.Build.0 = Release|Any CPU
	EndGlobalSection
	GlobalSection(SolutionProperties) = preSolution
		HideSolutionNode = FALSE
	EndGlobalSection
	GlobalSection(ExtensibilityGlobals) = postSolution
		SolutionGuid = {9D71AA1E-87E6-4FFA-9855-E1E7425ED0E2}
	EndGlobalSection
EndGlobal
